
Microsoft Visual Studio Solution File, Format Version 12.00
# Visual Studio Version 16
VisualStudioVersion = 16.0.31105.61
MinimumVisualStudioVersion = 10.0.40219.1
Project("{FAE04EC0-301F-11D3-BF4B-00C04F79EFBC}") = "INSS", "INSS.csproj", "{68F7E0F8-788F-430A-9B09-39624AA436A2}"
EndProject
Project("{9A19103F-16F7-4668-BE54-9A1E7A4F7556}") = "ConsoleApp", "..\ConsoleApp\ConsoleApp.csproj", "{69465CC7-F39C-423E-8049-8353C368BDF5}"
EndProject
Global
	GlobalSection(SolutionConfigurationPlatforms) = preSolution
		Debug|Any CPU = Debug|Any CPU
		Release|Any CPU = Release|Any CPU
	EndGlobalSection
	GlobalSection(ProjectConfigurationPlatforms) = postSolution
		{68F7E0F8-788F-430A-9B09-39624AA436A2}.Debug|Any CPU.ActiveCfg = Debug|Any CPU
		{68F7E0F8-788F-430A-9B09-39624AA436A2}.Debug|Any CPU.Build.0 = Debug|Any CPU
		{68F7E0F8-788F-430A-9B09-39624AA436A2}.Release|Any CPU.ActiveCfg = Release|Any CPU
		{68F7E0F8-788F-430A-9B09-39624AA436A2}.Release|Any CPU.Build.0 = Release|Any CPU
		{69465CC7-F39C-423E-8049-8353C368BDF5}.Debug|Any CPU.ActiveCfg = Debug|Any CPU
		{69465CC7-F39C-423E-8049-8353C368BDF5}.Debug|Any CPU.Build.0 = Debug|Any CPU
		{69465CC7-F39C-423E-8049-8353C368BDF5}.Release|Any CPU.ActiveCfg = Release|Any CPU
		{69465CC7-F39C-423E-8049-8353C368BDF5}.Release|Any CPU.Build.0 = Release|Any CPU
	EndGlobalSection
	GlobalSection(SolutionProperties) = preSolution
		HideSolutionNode = FALSE
	EndGlobalSection
	GlobalSection(ExtensibilityGlobals) = postSolution
		SolutionGuid = {03D11E8B-D3FD-48CF-99E8-4F6F2AB4C30F}
	EndGlobalSection
EndGlobal
